
Microsoft Visual Studio Solution File, Format Version 12.00
# Visual Studio 14
VisualStudioVersion = 14.0.25420.1
MinimumVisualStudioVersion = 10.0.40219.1
Project("{FAE04EC0-301F-11D3-BF4B-00C04F79EFBC}") = "Graphing Claculator", "Graphing Claculator\Graphing Claculator.csproj", "{72DD02EB-4479-4CE3-A7D0-00373532E2D4}"
EndProject
Project("{2150E333-8FDC-42A3-9474-1A3956D46DE8}") = "Solution Items", "Solution Items", "{61619844-9BC4-410B-93C7-52FAF860CBFF}"
	ProjectSection(SolutionItems) = preProject
		Documents\Eckert_Shipley - Software Engineering Vision Document.pdf = Documents\Eckert_Shipley - Software Engineering Vision Document.pdf
		Documents\Requirements.txt = Documents\Requirements.txt
	EndProjectSection
EndProject
Project("{FAE04EC0-301F-11D3-BF4B-00C04F79EFBC}") = "CalcLib", "CalcLib\CalcLib.csproj", "{CAA22126-21DA-4B42-8145-13052802F191}"
EndProject
Global
	GlobalSection(SolutionConfigurationPlatforms) = preSolution
		Debug|Any CPU = Debug|Any CPU
		Release|Any CPU = Release|Any CPU
	EndGlobalSection
	GlobalSection(ProjectConfigurationPlatforms) = postSolution
		{72DD02EB-4479-4CE3-A7D0-00373532E2D4}.Debug|Any CPU.ActiveCfg = Debug|Any CPU
		{72DD02EB-4479-4CE3-A7D0-00373532E2D4}.Debug|Any CPU.Build.0 = Debug|Any CPU
		{72DD02EB-4479-4CE3-A7D0-00373532E2D4}.Release|Any CPU.ActiveCfg = Release|Any CPU
		{72DD02EB-4479-4CE3-A7D0-00373532E2D4}.Release|Any CPU.Build.0 = Release|Any CPU
		{CAA22126-21DA-4B42-8145-13052802F191}.Debug|Any CPU.ActiveCfg = Debug|Any CPU
		{CAA22126-21DA-4B42-8145-13052802F191}.Debug|Any CPU.Build.0 = Debug|Any CPU
		{CAA22126-21DA-4B42-8145-13052802F191}.Release|Any CPU.ActiveCfg = Release|Any CPU
		{CAA22126-21DA-4B42-8145-13052802F191}.Release|Any CPU.Build.0 = Release|Any CPU
	EndGlobalSection
	GlobalSection(SolutionProperties) = preSolution
		HideSolutionNode = FALSE
	EndGlobalSection
EndGlobal
